packages:
  - name: codegen
    package: dbt-labs/codegen
    version: 0.14.0
  - name: dbt_artifacts
    package: brooklyn-data/dbt_artifacts
    version: 2.10.0
  - name: dbt_snowflake_monitoring
    package: get-select/dbt_snowflake_monitoring
    version: 5.5.1
  - name: dbt_utils
    package: dbt-labs/dbt_utils
    version: 1.3.3
  - name: dbt_snowflake_query_tags
    package: get-select/dbt_snowflake_query_tags
    version: 2.6.0
sha1_hash: 63fab5bf9b7fc03aa5e6a6fcada2fdd42ca76dd8
